
Microsoft Visual Studio Solution File, Format Version 12.00
# Visual Studio 15
VisualStudioVersion = 15.0.28010.2041
MinimumVisualStudioVersion = 10.0.40219.1
Project("{8BC9CEB8-8B4A-11D0-8D11-00A0C91BC942}") = "AA1_02", "AA1_02\AA1_02.vcxproj", "{F4971FAA-2CD3-4180-B158-12597819B1BA}"
EndProject
Project("{8BC9CEB8-8B4A-11D0-8D11-00A0C91BC942}") = "AA1_03", "AA1_03\AA1_03.vcxproj", "{39D4837C-5B54-4F42-BE91-FD315BBDD596}"
EndProject
Project("{8BC9CEB8-8B4A-11D0-8D11-00A0C91BC942}") = "AA1_04", "AA1_04\AA1_04.vcxproj", "{72F46B7E-87DE-4F85-B748-01BB205018BF}"
EndProject
Project("{8BC9CEB8-8B4A-11D0-8D11-00A0C91BC942}") = "AA1_05.1", "AA1_05.1\AA1_05.1.vcxproj", "{184DAFF6-F14C-46DA-8755-4ECDFA147CB9}"
EndProject
Project("{8BC9CEB8-8B4A-11D0-8D11-00A0C91BC942}") = "AA1_06", "AA1_06\AA1_06.vcxproj", "{5FC8F236-244B-465B-A6EC-51FE37BD3A93}"
EndProject
Project("{8BC9CEB8-8B4A-11D0-8D11-00A0C91BC942}") = "AA1_07", "AA1_07\AA1_07.vcxproj", "{FBDBABE2-28F3-4EAF-A1DD-8303FB32BCA7}"
EndProject
Project("{8BC9CEB8-8B4A-11D0-8D11-00A0C91BC942}") = "AA1_08", "AA1_08\AA1_08.vcxproj", "{609BAC22-A181-4F66-81F5-D66786042F56}"
EndProject
Project("{8BC9CEB8-8B4A-11D0-8D11-00A0C91BC942}") = "AA1_09", "AA1_09\AA1_09.vcxproj", "{0F41BDC5-C5BD-49C3-B469-598B57BED7C9}"
EndProject
Project("{8BC9CEB8-8B4A-11D0-8D11-00A0C91BC942}") = "AA1_11", "AA1_11\AA1_11.vcxproj", "{DD2A256C-59AA-4326-BE28-D39C570B5387}"
EndProject
Project("{8BC9CEB8-8B4A-11D0-8D11-00A0C91BC942}") = "AA1_12", "AA1_12\AA1_12.vcxproj", "{ED8BA944-CC62-46BF-9019-76CB0B3018B4}"
EndProject
Global
	GlobalSection(SolutionConfigurationPlatforms) = preSolution
		Debug|x64 = Debug|x64
		Debug|x86 = Debug|x86
		Release|x64 = Release|x64
		Release|x86 = Release|x86
	EndGlobalSection
	GlobalSection(ProjectConfigurationPlatforms) = postSolution
		{F4971FAA-2CD3-4180-B158-12597819B1BA}.Debug|x64.ActiveCfg = Debug|x64
		{F4971FAA-2CD3-4180-B158-12597819B1BA}.Debug|x64.Build.0 = Debug|x64
		{F4971FAA-2CD3-4180-B158-12597819B1BA}.Debug|x86.ActiveCfg = Debug|Win32
		{F4971FAA-2CD3-4180-B158-12597819B1BA}.Debug|x86.Build.0 = Debug|Win32
		{F4971FAA-2CD3-4180-B158-12597819B1BA}.Release|x64.ActiveCfg = Release|x64
		{F4971FAA-2CD3-4180-B158-12597819B1BA}.Release|x64.Build.0 = Release|x64
		{F4971FAA-2CD3-4180-B158-12597819B1BA}.Release|x86.ActiveCfg = Release|Win32
		{F4971FAA-2CD3-4180-B158-12597819B1BA}.Release|x86.Build.0 = Release|Win32
		{39D4837C-5B54-4F42-BE91-FD315BBDD596}.Debug|x64.ActiveCfg = Debug|x64
		{39D4837C-5B54-4F42-BE91-FD315BBDD596}.Debug|x64.Build.0 = Debug|x64
		{39D4837C-5B54-4F42-BE91-FD315BBDD596}.Debug|x86.ActiveCfg = Debug|Win32
		{39D4837C-5B54-4F42-BE91-FD315BBDD596}.Debug|x86.Build.0 = Debug|Win32
		{39D4837C-5B54-4F42-BE91-FD315BBDD596}.Release|x64.ActiveCfg = Release|x64
		{39D4837C-5B54-4F42-BE91-FD315BBDD596}.Release|x64.Build.0 = Release|x64
		{39D4837C-5B54-4F42-BE91-FD315BBDD596}.Release|x86.ActiveCfg = Release|Win32
		{39D4837C-5B54-4F42-BE91-FD315BBDD596}.Release|x86.Build.0 = Release|Win32
		{72F46B7E-87DE-4F85-B748-01BB205018BF}.Debug|x64.ActiveCfg = Debug|x64
		{72F46B7E-87DE-4F85-B748-01BB205018BF}.Debug|x64.Build.0 = Debug|x64
		{72F46B7E-87DE-4F85-B748-01BB205018BF}.Debug|x86.ActiveCfg = Debug|Win32
		{72F46B7E-87DE-4F85-B748-01BB205018BF}.Debug|x86.Build.0 = Debug|Win32
		{72F46B7E-87DE-4F85-B748-01BB205018BF}.Release|x64.ActiveCfg = Release|x64
		{72F46B7E-87DE-4F85-B748-01BB205018BF}.Release|x64.Build.0 = Release|x64
		{72F46B7E-87DE-4F85-B748-01BB205018BF}.Release|x86.ActiveCfg = Release|Win32
		{72F46B7E-87DE-4F85-B748-01BB205018BF}.Release|x86.Build.0 = Release|Win32
		{184DAFF6-F14C-46DA-8755-4ECDFA147CB9}.Debug|x64.ActiveCfg = Debug|x64
		{184DAFF6-F14C-46DA-8755-4ECDFA147CB9}.Debug|x64.Build.0 = Debug|x64
		{184DAFF6-F14C-46DA-8755-4ECDFA147CB9}.Debug|x86.ActiveCfg = Debug|Win32
		{184DAFF6-F14C-46DA-8755-4ECDFA147CB9}.Debug|x86.Build.0 = Debug|Win32
		{184DAFF6-F14C-46DA-8755-4ECDFA147CB9}.Release|x64.ActiveCfg = Release|x64
		{184DAFF6-F14C-46DA-8755-4ECDFA147CB9}.Release|x64.Build.0 = Release|x64
		{184DAFF6-F14C-46DA-8755-4ECDFA147CB9}.Release|x86.ActiveCfg = Release|Win32
		{184DAFF6-F14C-46DA-8755-4ECDFA147CB9}.Release|x86.Build.0 = Release|Win32
		{5FC8F236-244B-465B-A6EC-51FE37BD3A93}.Debug|x64.ActiveCfg = Debug|x64
		{5FC8F236-244B-465B-A6EC-51FE37BD3A93}.Debug|x64.Build.0 = Debug|x64
		{5FC8F236-244B-465B-A6EC-51FE37BD3A93}.Debug|x86.ActiveCfg = Debug|Win32
		{5FC8F236-244B-465B-A6EC-51FE37BD3A93}.Debug|x86.Build.0 = Debug|Win32
		{5FC8F236-244B-465B-A6EC-51FE37BD3A93}.Release|x64.ActiveCfg = Release|x64
		{5FC8F236-244B-465B-A6EC-51FE37BD3A93}.Release|x64.Build.0 = Release|x64
		{5FC8F236-244B-465B-A6EC-51FE37BD3A93}.Release|x86.ActiveCfg = Release|Win32
		{5FC8F236-244B-465B-A6EC-51FE37BD3A93}.Release|x86.Build.0 = Release|Win32
		{FBDBABE2-28F3-4EAF-A1DD-8303FB32BCA7}.Debug|x64.ActiveCfg = Debug|x64
		{FBDBABE2-28F3-4EAF-A1DD-8303FB32BCA7}.Debug|x64.Build.0 = Debug|x64
		{FBDBABE2-28F3-4EAF-A1DD-8303FB32BCA7}.Debug|x86.ActiveCfg = Debug|Win32
		{FBDBABE2-28F3-4EAF-A1DD-8303FB32BCA7}.Debug|x86.Build.0 = Debug|Win32
		{FBDBABE2-28F3-4EAF-A1DD-8303FB32BCA7}.Release|x64.ActiveCfg = Release|x64
		{FBDBABE2-28F3-4EAF-A1DD-8303FB32BCA7}.Release|x64.Build.0 = Release|x64
		{FBDBABE2-28F3-4EAF-A1DD-8303FB32BCA7}.Release|x86.ActiveCfg = Release|Win32
		{FBDBABE2-28F3-4EAF-A1DD-8303FB32BCA7}.Release|x86.Build.0 = Release|Win32
		{609BAC22-A181-4F66-81F5-D66786042F56}.Debug|x64.ActiveCfg = Debug|x64
		{609BAC22-A181-4F66-81F5-D66786042F56}.Debug|x64.Build.0 = Debug|x64
		{609BAC22-A181-4F66-81F5-D66786042F56}.Debug|x86.ActiveCfg = Debug|Win32
		{609BAC22-A181-4F66-81F5-D66786042F56}.Debug|x86.Build.0 = Debug|Win32
		{609BAC22-A181-4F66-81F5-D66786042F56}.Release|x64.ActiveCfg = Release|x64
		{609BAC22-A181-4F66-81F5-D66786042F56}.Release|x64.Build.0 = Release|x64
		{609BAC22-A181-4F66-81F5-D66786042F56}.Release|x86.ActiveCfg = Release|Win32
		{609BAC22-A181-4F66-81F5-D66786042F56}.Release|x86.Build.0 = Release|Win32
		{0F41BDC5-C5BD-49C3-B469-598B57BED7C9}.Debug|x64.ActiveCfg = Debug|x64
		{0F41BDC5-C5BD-49C3-B469-598B57BED7C9}.Debug|x64.Build.0 = Debug|x64
		{0F41BDC5-C5BD-49C3-B469-598B57BED7C9}.Debug|x86.ActiveCfg = Debug|Win32
		{0F41BDC5-C5BD-49C3-B469-598B57BED7C9}.Debug|x86.Build.0 = Debug|Win32
		{0F41BDC5-C5BD-49C3-B469-598B57BED7C9}.Release|x64.ActiveCfg = Release|x64
		{0F41BDC5-C5BD-49C3-B469-598B57BED7C9}.Release|x64.Build.0 = Release|x64
		{0F41BDC5-C5BD-49C3-B469-598B57BED7C9}.Release|x86.ActiveCfg = Release|Win32
		{0F41BDC5-C5BD-49C3-B469-598B57BED7C9}.Release|x86.Build.0 = Release|Win32
		{DD2A256C-59AA-4326-BE28-D39C570B5387}.Debug|x64.ActiveCfg = Debug|x64
		{DD2A256C-59AA-4326-BE28-D39C570B5387}.Debug|x64.Build.0 = Debug|x64
		{DD2A256C-59AA-4326-BE28-D39C570B5387}.Debug|x86.ActiveCfg = Debug|Win32
		{DD2A256C-59AA-4326-BE28-D39C570B5387}.Debug|x86.Build.0 = Debug|Win32
		{DD2A256C-59AA-4326-BE28-D39C570B5387}.Release|x64.ActiveCfg = Release|x64
		{DD2A256C-59AA-4326-BE28-D39C570B5387}.Release|x64.Build.0 = Release|x64
		{DD2A256C-59AA-4326-BE28-D39C570B5387}.Release|x86.ActiveCfg = Release|Win32
		{DD2A256C-59AA-4326-BE28-D39C570B5387}.Release|x86.Build.0 = Release|Win32
		{ED8BA944-CC62-46BF-9019-76CB0B3018B4}.Debug|x64.ActiveCfg = Debug|x64
		{ED8BA944-CC62-46BF-9019-76CB0B3018B4}.Debug|x64.Build.0 = Debug|x64
		{ED8BA944-CC62-46BF-9019-76CB0B3018B4}.Debug|x86.ActiveCfg = Debug|Win32
		{ED8BA944-CC62-46BF-9019-76CB0B3018B4}.Debug|x86.Build.0 = Debug|Win32
		{ED8BA944-CC62-46BF-9019-76CB0B3018B4}.Release|x64.ActiveCfg = Release|x64
		{ED8BA944-CC62-46BF-9019-76CB0B3018B4}.Release|x64.Build.0 = Release|x64
		{ED8BA944-CC62-46BF-9019-76CB0B3018B4}.Release|x86.ActiveCfg = Release|Win32
		{ED8BA944-CC62-46BF-9019-76CB0B3018B4}.Release|x86.Build.0 = Release|Win32
	EndGlobalSection
	GlobalSection(SolutionProperties) = preSolution
		HideSolutionNode = FALSE
	EndGlobalSection
	GlobalSection(ExtensibilityGlobals) = postSolution
		SolutionGuid = {2F9A8B66-C26B-4BF1-B3C6-E00BB7413933}
	EndGlobalSection
EndGlobal
